
Microsoft Visual Studio Solution File, Format Version 12.00
# Visual Studio Version 17
VisualStudioVersion = 17.3.32929.385
MinimumVisualStudioVersion = 10.0.40219.1
Project("{FAE04EC0-301F-11D3-BF4B-00C04F79EFBC}") = "WebApplication1", "WebApplication1\WebApplication1.csproj", "{2A8B58F9-9733-4D0D-A45C-1659AA2ED534}"
EndProject
Global
	GlobalSection(SolutionConfigurationPlatforms) = preSolution
		Debug|Any CPU = Debug|Any CPU
		Release|Any CPU = Release|Any CPU
	EndGlobalSection
	GlobalSection(ProjectConfigurationPlatforms) = postSolution
		{2A8B58F9-9733-4D0D-A45C-1659AA2ED534}.Debug|Any CPU.ActiveCfg = Debug|Any CPU
		{2A8B58F9-9733-4D0D-A45C-1659AA2ED534}.Debug|Any CPU.Build.0 = Debug|Any CPU
		{2A8B58F9-9733-4D0D-A45C-1659AA2ED534}.Release|Any CPU.ActiveCfg = Release|Any CPU
		{2A8B58F9-9733-4D0D-A45C-1659AA2ED534}.Release|Any CPU.Build.0 = Release|Any CPU
	EndGlobalSection
	GlobalSection(SolutionProperties) = preSolution
		HideSolutionNode = FALSE
	EndGlobalSection
	GlobalSection(ExtensibilityGlobals) = postSolution
		SolutionGuid = {5B22289B-8C55-46AB-A1A3-9AD6B8CE9E70}
	EndGlobalSection
EndGlobal
